// !$*UTF8*$!
{
	archiveVersion = 1;
	classes = {
	};
	objectVersion = 50;
	objects = {

/* Begin PBXBuildFile section */
		C20F1BE020BF242200B2E91A /* AppDelegate.swift in Sources */ = {isa = PBXBuildFile; fileRef = C20F1BDF20BF242200B2E91A /* AppDelegate.swift */; };
		C20F1BE220BF242200B2E91A /* ViewController.swift in Sources */ = {isa = PBXBuildFile; fileRef = C20F1BE120BF242200B2E91A /* ViewController.swift */; };
		C20F1BE520BF242200B2E91A /* Main.storyboard in Resources */ = {isa = PBXBuildFile; fileRef = C20F1BE320BF242200B2E91A /* Main.storyboard */; };
		C20F1BE720BF242500B2E91A /* Assets.xcassets in Resources */ = {isa = PBXBuildFile; fileRef = C20F1BE620BF242500B2E91A /* Assets.xcassets */; };
		C20F1BEA20BF242500B2E91A /* LaunchScreen.storyboard in Resources */ = {isa = PBXBuildFile; fileRef = C20F1BE820BF242500B2E91A /* LaunchScreen.storyboard */; };
		C20F1BEF20BF242500B2E91A /* Time Tracker WatchKit App.app in Embed Watch Content */ = {isa = PBXBuildFile; fileRef = C20F1BEE20BF242500B2E91A /* Time Tracker WatchKit App.app */; };
		C20F1BF520BF242500B2E91A /* Interface.storyboard in Resources */ = {isa = PBXBuildFile; fileRef = C20F1BF320BF242500B2E91A /* Interface.storyboard */; };
		C20F1BF720BF242600B2E91A /* Assets.xcassets in Resources */ = {isa = PBXBuildFile; fileRef = C20F1BF620BF242600B2E91A /* Assets.xcassets */; };
		C20F1BFE20BF242700B2E91A /* Time Tracker WatchKit Extension.appex in Embed App Extensions */ = {isa = PBXBuildFile; fileRef = C20F1BFD20BF242700B2E91A /* Time Tracker WatchKit Extension.appex */; settings = {ATTRIBUTES = (RemoveHeadersOnCopy, ); }; };
		C20F1C0320BF242700B2E91A /* InterfaceController.swift in Sources */ = {isa = PBXBuildFile; fileRef = C20F1C0220BF242700B2E91A /* InterfaceController.swift */; };
		C20F1C0520BF242700B2E91A /* ExtensionDelegate.swift in Sources */ = {isa = PBXBuildFile; fileRef = C20F1C0420BF242700B2E91A /* ExtensionDelegate.swift */; };
		C20F1C0720BF242800B2E91A /* Assets.xcassets in Resources */ = {isa = PBXBuildFile; fileRef = C20F1C0620BF242800B2E91A /* Assets.xcassets */; };
		C20F1C1720C08E8000B2E91A /* HistoryInterfaceController.swift in Sources */ = {isa = PBXBuildFile; fileRef = C20F1C1620C08E8000B2E91A /* HistoryInterfaceController.swift */; };
/* End PBXBuildFile section */

/* Begin PBXContainerItemProxy section */
		C20F1BF020BF242500B2E91A /* PBXContainerItemProxy */ = {
			isa = PBXContainerItemProxy;
			containerPortal = C20F1BD420BF242200B2E91A /* Project object */;
			proxyType = 1;
			remoteGlobalIDString = C20F1BED20BF242500B2E91A;
			remoteInfo = "Time Tracker WatchKit App";
		};
		C20F1BFF20BF242700B2E91A /* PBXContainerItemProxy */ = {
			isa = PBXContainerItemProxy;
			containerPortal = C20F1BD420BF242200B2E91A /* Project object */;
			proxyType = 1;
			remoteGlobalIDString = C20F1BFC20BF242700B2E91A;
			remoteInfo = "Time Tracker WatchKit Extension";
		};
/* End PBXContainerItemProxy section */

/* Begin PBXCopyFilesBuildPhase section */
		C20F1C0E20BF242800B2E91A /* Embed App Extensions */ = {
			isa = PBXCopyFilesBuildPhase;
			buildActionMask = 2147483647;
			dstPath = "";
			dstSubfolderSpec = 13;
			files = (
				C20F1BFE20BF242700B2E91A /* Time Tracker WatchKit Extension.appex in Embed App Extensions */,
			);
			name = "Embed App Extensions";
			runOnlyForDeploymentPostprocessing = 0;
		};
		C20F1C1220BF242800B2E91A /* Embed Watch Content */ = {
			isa = PBXCopyFilesBuildPhase;
			buildActionMask = 2147483647;
			dstPath = "$(CONTENTS_FOLDER_PATH)/Watch";
			dstSubfolderSpec = 16;
			files = (
				C20F1BEF20BF242500B2E91A /* Time Tracker WatchKit App.app in Embed Watch Content */,
			);
			name = "Embed Watch Content";
			runOnlyForDeploymentPostprocessing = 0;
		};
/* End PBXCopyFilesBuildPhase section */

/* Begin PBXFileReference section */
		C20F1BDC20BF242200B2E91A /* Time Tracker.app */ = {isa = PBXFileReference; explicitFileType = wrapper.application; includeInIndex = 0; path = "Time Tracker.app"; sourceTree = BUILT_PRODUCTS_DIR; };
		C20F1BDF20BF242200B2E91A /* AppDelegate.swift */ = {isa = PBXFileReference; lastKnownFileType = sourcecode.swift; path = AppDelegate.swift; sourceTree = "<group>"; };
		C20F1BE120BF242200B2E91A /* ViewController.swift */ = {isa = PBXFileReference; lastKnownFileType = sourcecode.swift; path = ViewController.swift; sourceTree = "<group>"; };
		C20F1BE420BF242200B2E91A /* Base */ = {isa = PBXFileReference; lastKnownFileType = file.storyboard; name = Base; path = Base.lproj/Main.storyboard; sourceTree = "<group>"; };
		C20F1BE620BF242500B2E91A /* Assets.xcassets */ = {isa = PBXFileReference; lastKnownFileType = folder.assetcatalog; path = Assets.xcassets; sourceTree = "<group>"; };
		C20F1BE920BF242500B2E91A /* Base */ = {isa = PBXFileReference; lastKnownFileType = file.storyboard; name = Base; path = Base.lproj/LaunchScreen.storyboard; sourceTree = "<group>"; };
		C20F1BEB20BF242500B2E91A /* Info.plist */ = {isa = PBXFileReference; lastKnownFileType = text.plist.xml; path = Info.plist; sourceTree = "<group>"; };
		C20F1BEE20BF242500B2E91A /* Time Tracker WatchKit App.app */ = {isa = PBXFileReference; explicitFileType = wrapper.application; includeInIndex = 0; path = "Time Tracker WatchKit App.app"; sourceTree = BUILT_PRODUCTS_DIR; };
		C20F1BF420BF242500B2E91A /* Base */ = {isa = PBXFileReference; lastKnownFileType = file.storyboard; name = Base; path = Base.lproj/Interface.storyboard; sourceTree = "<group>"; };
		C20F1BF620BF242600B2E91A /* Assets.xcassets */ = {isa = PBXFileReference; lastKnownFileType = folder.assetcatalog; path = Assets.xcassets; sourceTree = "<group>"; };
		C20F1BF820BF242600B2E91A /* Info.plist */ = {isa = PBXFileReference; lastKnownFileType = text.plist.xml; path = Info.plist; sourceTree = "<group>"; };
		C20F1BFD20BF242700B2E91A /* Time Tracker WatchKit Extension.appex */ = {isa = PBXFileReference; explicitFileType = "wrapper.app-extension"; includeInIndex = 0; path = "Time Tracker WatchKit Extension.appex"; sourceTree = BUILT_PRODUCTS_DIR; };
		C20F1C0220BF242700B2E91A /* InterfaceController.swift */ = {isa = PBXFileReference; lastKnownFileType = sourcecode.swift; path = InterfaceController.swift; sourceTree = "<group>"; };
		C20F1C0420BF242700B2E91A /* ExtensionDelegate.swift */ = {isa = PBXFileReference; lastKnownFileType = sourcecode.swift; path = ExtensionDelegate.swift; sourceTree = "<group>"; };
		C20F1C0620BF242800B2E91A /* Assets.xcassets */ = {isa = PBXFileReference; lastKnownFileType = folder.assetcatalog; path = Assets.xcassets; sourceTree = "<group>"; };
		C20F1C0820BF242800B2E91A /* Info.plist */ = {isa = PBXFileReference; lastKnownFileType = text.plist.xml; path = Info.plist; sourceTree = "<group>"; };
		C20F1C1620C08E8000B2E91A /* HistoryInterfaceController.swift */ = {isa = PBXFileReference; lastKnownFileType = sourcecode.swift; path = HistoryInterfaceController.swift; sourceTree = "<group>"; };
/* End PBXFileReference section */

/* Begin PBXFrameworksBuildPhase section */
		C20F1BD920BF242200B2E91A /* Frameworks */ = {
			isa = PBXFrameworksBuildPhase;
			buildActionMask = 2147483647;
			files = (
			);
			runOnlyForDeploymentPostprocessing = 0;
		};
		C20F1BFA20BF242700B2E91A /* Frameworks */ = {
			isa = PBXFrameworksBuildPhase;
			buildActionMask = 2147483647;
			files = (
			);
			runOnlyForDeploymentPostprocessing = 0;
		};
/* End PBXFrameworksBuildPhase section */

/* Begin PBXGroup section */
		C20F1BD320BF242200B2E91A = {
			isa = PBXGroup;
			children = (
				C20F1BDE20BF242200B2E91A /* Time Tracker */,
				C20F1BF220BF242500B2E91A /* Time Tracker WatchKit App */,
				C20F1C0120BF242700B2E91A /* Time Tracker WatchKit Extension */,
				C20F1BDD20BF242200B2E91A /* Products */,
			);
			sourceTree = "<group>";
		};
		C20F1BDD20BF242200B2E91A /* Products */ = {
			isa = PBXGroup;
			children = (
				C20F1BDC20BF242200B2E91A /* Time Tracker.app */,
				C20F1BEE20BF242500B2E91A /* Time Tracker WatchKit App.app */,
				C20F1BFD20BF242700B2E91A /* Time Tracker WatchKit Extension.appex */,
			);
			name = Products;
			sourceTree = "<group>";
		};
		C20F1BDE20BF242200B2E91A /* Time Tracker */ = {
			isa = PBXGroup;
			children = (
				C20F1BDF20BF242200B2E91A /* AppDelegate.swift */,
				C20F1BE120BF242200B2E91A /* ViewController.swift */,
				C20F1BE320BF242200B2E91A /* Main.storyboard */,
				C20F1BE620BF242500B2E91A /* Assets.xcassets */,
				C20F1BE820BF242500B2E91A /* LaunchScreen.storyboard */,
				C20F1BEB20BF242500B2E91A /* Info.plist */,
			);
			path = "Time Tracker";
			sourceTree = "<group>";
		};
		C20F1BF220BF242500B2E91A /* Time Tracker WatchKit App */ = {
			isa = PBXGroup;
			children = (
				C20F1BF320BF242500B2E91A /* Interface.storyboard */,
				C20F1BF620BF242600B2E91A /* Assets.xcassets */,
				C20F1BF820BF242600B2E91A /* Info.plist */,
			);
			path = "Time Tracker WatchKit App";
			sourceTree = "<group>";
		};
		C20F1C0120BF242700B2E91A /* Time Tracker WatchKit Extension */ = {
			isa = PBXGroup;
			children = (
				C20F1C0220BF242700B2E91A /* InterfaceController.swift */,
				C20F1C1620C08E8000B2E91A /* HistoryInterfaceController.swift */,
				C20F1C0420BF242700B2E91A /* ExtensionDelegate.swift */,
				C20F1C0620BF242800B2E91A /* Assets.xcassets */,
				C20F1C0820BF242800B2E91A /* Info.plist */,
			);
			path = "Time Tracker WatchKit Extension";
			sourceTree = "<group>";
		};
/* End PBXGroup section */

/* Begin PBXNativeTarget section */
		C20F1BDB20BF242200B2E91A /* Time Tracker */ = {
			isa = PBXNativeTarget;
			buildConfigurationList = C20F1C1320BF242800B2E91A /* Build configuration list for PBXNativeTarget "Time Tracker" */;
			buildPhases = (
				C20F1BD820BF242200B2E91A /* Sources */,
				C20F1BD920BF242200B2E91A /* Frameworks */,
				C20F1BDA20BF242200B2E91A /* Resources */,
				C20F1C1220BF242800B2E91A /* Embed Watch Content */,
			);
			buildRules = (
			);
			dependencies = (
				C20F1BF120BF242500B2E91A /* PBXTargetDependency */,
			);
			name = "Time Tracker";
			productName = "Time Tracker";
			productReference = C20F1BDC20BF242200B2E91A /* Time Tracker.app */;
			productType = "com.apple.product-type.application";
		};
		C20F1BED20BF242500B2E91A /* Time Tracker WatchKit App */ = {
			isa = PBXNativeTarget;
			buildConfigurationList = C20F1C0F20BF242800B2E91A /* Build configuration list for PBXNativeTarget "Time Tracker WatchKit App" */;
			buildPhases = (
				C20F1BEC20BF242500B2E91A /* Resources */,
				C20F1C0E20BF242800B2E91A /* Embed App Extensions */,
			);
			buildRules = (
			);
			dependencies = (
				C20F1C0020BF242700B2E91A /* PBXTargetDependency */,
			);
			name = "Time Tracker WatchKit App";
			productName = "Time Tracker WatchKit App";
			productReference = C20F1BEE20BF242500B2E91A /* Time Tracker WatchKit App.app */;
			productType = "com.apple.product-type.application.watchapp2";
		};
		C20F1BFC20BF242700B2E91A /* Time Tracker WatchKit Extension */ = {
			isa = PBXNativeTarget;
			buildConfigurationList = C20F1C0B20BF242800B2E91A /* Build configuration list for PBXNativeTarget "Time Tracker WatchKit Extension" */;
			buildPhases = (
				C20F1BF920BF242700B2E91A /* Sources */,
				C20F1BFA20BF242700B2E91A /* Frameworks */,
				C20F1BFB20BF242700B2E91A /* Resources */,
			);
			buildRules = (
			);
			dependencies = (
			);
			name = "Time Tracker WatchKit Extension";
			productName = "Time Tracker WatchKit Extension";
			productReference = C20F1BFD20BF242700B2E91A /* Time Tracker WatchKit Extension.appex */;
			productType = "com.apple.product-type.watchkit2-extension";
		};
/* End PBXNativeTarget section */

/* Begin PBXProject section */
		C20F1BD420BF242200B2E91A /* Project object */ = {
			isa = PBXProject;
			attributes = {
				LastSwiftUpdateCheck = 0930;
				LastUpgradeCheck = 0930;
				ORGANIZATIONNAME = "Ana Neto";
				TargetAttributes = {
					C20F1BDB20BF242200B2E91A = {
						CreatedOnToolsVersion = 9.3;
					};
					C20F1BED20BF242500B2E91A = {
						CreatedOnToolsVersion = 9.3;
					};
					C20F1BFC20BF242700B2E91A = {
						CreatedOnToolsVersion = 9.3;
					};
				};
			};
			buildConfigurationList = C20F1BD720BF242200B2E91A /* Build configuration list for PBXProject "Time Tracker" */;
			compatibilityVersion = "Xcode 9.3";
			developmentRegion = en;
			hasScannedForEncodings = 0;
			knownRegions = (
				en,
				Base,
			);
			mainGroup = C20F1BD320BF242200B2E91A;
			productRefGroup = C20F1BDD20BF242200B2E91A /* Products */;
			projectDirPath = "";
			projectRoot = "";
			targets = (
				C20F1BDB20BF242200B2E91A /* Time Tracker */,
				C20F1BED20BF242500B2E91A /* Time Tracker WatchKit App */,
				C20F1BFC20BF242700B2E91A /* Time Tracker WatchKit Extension */,
			);
		};
/* End PBXProject section */

/* Begin PBXResourcesBuildPhase section */
		C20F1BDA20BF242200B2E91A /* Resources */ = {
			isa = PBXResourcesBuildPhase;
			buildActionMask = 2147483647;
			files = (
				C20F1BEA20BF242500B2E91A /* LaunchScreen.storyboard in Resources */,
				C20F1BE720BF242500B2E91A /* Assets.xcassets in Resources */,
				C20F1BE520BF242200B2E91A /* Main.storyboard in Resources */,
			);
			runOnlyForDeploymentPostprocessing = 0;
		};
		C20F1BEC20BF242500B2E91A /* Resources */ = {
			isa = PBXResourcesBuildPhase;
			buildActionMask = 2147483647;
			files = (
				C20F1BF720BF242600B2E91A /* Assets.xcassets in Resources */,
				C20F1BF520BF242500B2E91A /* Interface.storyboard in Resources */,
			);
			runOnlyForDeploymentPostprocessing = 0;
		};
		C20F1BFB20BF242700B2E91A /* Resources */ = {
			isa = PBXResourcesBuildPhase;
			buildActionMask = 2147483647;
			files = (
				C20F1C0720BF242800B2E91A /* Assets.xcassets in Resources */,
			);
			runOnlyForDeploymentPostprocessing = 0;
		};
/* End PBXResourcesBuildPhase section */

/* Begin PBXSourcesBuildPhase section */
		C20F1BD820BF242200B2E91A /* Sources */ = {
			isa = PBXSourcesBuildPhase;
			buildActionMask = 2147483647;
			files = (
				C20F1BE220BF242200B2E91A /* ViewController.swift in Sources */,
				C20F1BE020BF242200B2E91A /* AppDelegate.swift in Sources */,
			);
			runOnlyForDeploymentPostprocessing = 0;
		};
		C20F1BF920BF242700B2E91A /* Sources */ = {
			isa = PBXSourcesBuildPhase;
			buildActionMask = 2147483647;
			files = (
				C20F1C0520BF242700B2E91A /* ExtensionDelegate.swift in Sources */,
				C20F1C0320BF242700B2E91A /* InterfaceController.swift in Sources */,
				C20F1C1720C08E8000B2E91A /* HistoryInterfaceController.swift in Sources */,
			);
			runOnlyForDeploymentPostprocessing = 0;
		};
/* End PBXSourcesBuildPhase section */

/* Begin PBXTargetDependency section */
		C20F1BF120BF242500B2E91A /* PBXTargetDependency */ = {
			isa = PBXTargetDependency;
			target = C20F1BED20BF242500B2E91A /* Time Tracker WatchKit App */;
			targetProxy = C20F1BF020BF242500B2E91A /* PBXContainerItemProxy */;
		};
		C20F1C0020BF242700B2E91A /* PBXTargetDependency */ = {
			isa = PBXTargetDependency;
			target = C20F1BFC20BF242700B2E91A /* Time Tracker WatchKit Extension */;
			targetProxy = C20F1BFF20BF242700B2E91A /* PBXContainerItemProxy */;
		};
/* End PBXTargetDependency section */

/* Begin PBXVariantGroup section */
		C20F1BE320BF242200B2E91A /* Main.storyboard */ = {
			isa = PBXVariantGroup;
			children = (
				C20F1BE420BF242200B2E91A /* Base */,
			);
			name = Main.storyboard;
			sourceTree = "<group>";
		};
		C20F1BE820BF242500B2E91A /* LaunchScreen.storyboard */ = {
			isa = PBXVariantGroup;
			children = (
				C20F1BE920BF242500B2E91A /* Base */,
			);
			name = LaunchScreen.storyboard;
			sourceTree = "<group>";
		};
		C20F1BF320BF242500B2E91A /* Interface.storyboard */ = {
			isa = PBXVariantGroup;
			children = (
				C20F1BF420BF242500B2E91A /* Base */,
			);
			name = Interface.storyboard;
			sourceTree = "<group>";
		};
/* End PBXVariantGroup section */

/* Begin XCBuildConfiguration section */
		C20F1C0920BF242800B2E91A /* Debug */ = {
			isa = XCBuildConfiguration;
			buildSettings = {
				ALWAYS_SEARCH_USER_PATHS = NO;
				CLANG_ANALYZER_NONNULL = YES;
				CLANG_ANALYZER_NUMBER_OBJECT_CONVERSION = YES_AGGRESSIVE;
				CLANG_CXX_LANGUAGE_STANDARD = "gnu++14";
				CLANG_CXX_LIBRARY = "libc++";
				CLANG_ENABLE_MODULES = YES;
				CLANG_ENABLE_OBJC_ARC = YES;
				CLANG_ENABLE_OBJC_WEAK = YES;
				CLANG_WARN_BLOCK_CAPTURE_AUTORELEASING = YES;
				CLANG_WARN_BOOL_CONVERSION = YES;
				CLANG_WARN_COMMA = YES;
				CLANG_WARN_CONSTANT_CONVERSION = YES;
				CLANG_WARN_DEPRECATED_OBJC_IMPLEMENTATIONS = YES;
				CLANG_WARN_DIRECT_OBJC_ISA_USAGE = YES_ERROR;
				CLANG_WARN_DOCUMENTATION_COMMENTS = YES;
				CLANG_WARN_EMPTY_BODY = YES;
				CLANG_WARN_ENUM_CONVERSION = YES;
				CLANG_WARN_INFINITE_RECURSION = YES;
				CLANG_WARN_INT_CONVERSION = YES;
				CLANG_WARN_NON_LITERAL_NULL_CONVERSION = YES;
				CLANG_WARN_OBJC_IMPLICIT_RETAIN_SELF = YES;
				CLANG_WARN_OBJC_LITERAL_CONVERSION = YES;
				CLANG_WARN_OBJC_ROOT_CLASS = YES_ERROR;
				CLANG_WARN_RANGE_LOOP_ANALYSIS = YES;
				CLANG_WARN_STRICT_PROTOTYPES = YES;
				CLANG_WARN_SUSPICIOUS_MOVE = YES;
				CLANG_WARN_UNGUARDED_AVAILABILITY = YES_AGGRESSIVE;
				CLANG_WARN_UNREACHABLE_CODE = YES;
				CLANG_WARN__DUPLICATE_METHOD_MATCH = YES;
				CODE_SIGN_IDENTITY = "iPhone Developer";
				COPY_PHASE_STRIP = NO;
				DEBUG_INFORMATION_FORMAT = dwarf;
				ENABLE_STRICT_OBJC_MSGSEND = YES;
				ENABLE_TESTABILITY = YES;
				GCC_C_LANGUAGE_STANDARD = gnu11;
				GCC_DYNAMIC_NO_PIC = NO;
				GCC_NO_COMMON_BLOCKS = YES;
				GCC_OPTIMIZATION_LEVEL = 0;
				GCC_PREPROCESSOR_DEFINITIONS = (
					"DEBUG=1",
					"$(inherited)",
				);
				GCC_WARN_64_TO_32_BIT_CONVERSION = YES;
				GCC_WARN_ABOUT_RETURN_TYPE = YES_ERROR;
				GCC_WARN_UNDECLARED_SELECTOR = YES;
				GCC_WARN_UNINITIALIZED_AUTOS = YES_AGGRESSIVE;
				GCC_WARN_UNUSED_FUNCTION = YES;
				GCC_WARN_UNUSED_VARIABLE = YES;
				IPHONEOS_DEPLOYMENT_TARGET = 11.3;
				MTL_ENABLE_DEBUG_INFO = YES;
				ONLY_ACTIVE_ARCH = YES;
				SDKROOT = iphoneos;
				SWIFT_ACTIVE_COMPILATION_CONDITIONS = DEBUG;
				SWIFT_OPTIMIZATION_LEVEL = "-Onone";
			};
			name = Debug;
		};
		C20F1C0A20BF242800B2E91A /* Release */ = {
			isa = XCBuildConfiguration;
			buildSettings = {
				ALWAYS_SEARCH_USER_PATHS = NO;
				CLANG_ANALYZER_NONNULL = YES;
				CLANG_ANALYZER_NUMBER_OBJECT_CONVERSION = YES_AGGRESSIVE;
				CLANG_CXX_LANGUAGE_STANDARD = "gnu++14";
				CLANG_CXX_LIBRARY = "libc++";
				CLANG_ENABLE_MODULES = YES;
				CLANG_ENABLE_OBJC_ARC = YES;
				CLANG_ENABLE_OBJC_WEAK = YES;
				CLANG_WARN_BLOCK_CAPTURE_AUTORELEASING = YES;
				CLANG_WARN_BOOL_CONVERSION = YES;
				CLANG_WARN_COMMA = YES;
				CLANG_WARN_CONSTANT_CONVERSION = YES;
				CLANG_WARN_DEPRECATED_OBJC_IMPLEMENTATIONS = YES;
				CLANG_WARN_DIRECT_OBJC_ISA_USAGE = YES_ERROR;
				CLANG_WARN_DOCUMENTATION_COMMENTS = YES;
				CLANG_WARN_EMPTY_BODY = YES;
				CLANG_WARN_ENUM_CONVERSION = YES;
				CLANG_WARN_INFINITE_RECURSION = YES;
				CLANG_WARN_INT_CONVERSION = YES;
				CLANG_WARN_NON_LITERAL_NULL_CONVERSION = YES;
				CLANG_WARN_OBJC_IMPLICIT_RETAIN_SELF = YES;
				CLANG_WARN_OBJC_LITERAL_CONVERSION = YES;
				CLANG_WARN_OBJC_ROOT_CLASS = YES_ERROR;
				CLANG_WARN_RANGE_LOOP_ANALYSIS = YES;
				CLANG_WARN_STRICT_PROTOTYPES = YES;
				CLANG_WARN_SUSPICIOUS_MOVE = YES;
				CLANG_WARN_UNGUARDED_AVAILABILITY = YES_AGGRESSIVE;
				CLANG_WARN_UNREACHABLE_CODE = YES;
				CLANG_WARN__DUPLICATE_METHOD_MATCH = YES;
				CODE_SIGN_IDENTITY = "iPhone Developer";
				COPY_PHASE_STRIP = NO;
				DEBUG_INFORMATION_FORMAT = "dwarf-with-dsym";
				ENABLE_NS_ASSERTIONS = NO;
				ENABLE_STRICT_OBJC_MSGSEND = YES;
				GCC_C_LANGUAGE_STANDARD = gnu11;
				GCC_NO_COMMON_BLOCKS = YES;
				GCC_WARN_64_TO_32_BIT_CONVERSION = YES;
				GCC_WARN_ABOUT_RETURN_TYPE = YES_ERROR;
				GCC_WARN_UNDECLARED_SELECTOR = YES;
				GCC_WARN_UNINITIALIZED_AUTOS = YES_AGGRESSIVE;
				GCC_WARN_UNUSED_FUNCTION = YES;
				GCC_WARN_UNUSED_VARIABLE = YES;
				IPHONEOS_DEPLOYMENT_TARGET = 11.3;
				MTL_ENABLE_DEBUG_INFO = NO;
				SDKROOT = iphoneos;
				SWIFT_COMPILATION_MODE = wholemodule;
				SWIFT_OPTIMIZATION_LEVEL = "-O";
				VALIDATE_PRODUCT = YES;
			};
			name = Release;
		};
		C20F1C0C20BF242800B2E91A /* Debug */ = {
			isa = XCBuildConfiguration;
			buildSettings = {
				ASSETCATALOG_COMPILER_COMPLICATION_NAME = Complication;
				CODE_SIGN_STYLE = Automatic;
				DEVELOPMENT_TEAM = X82N4CHKBS;
				INFOPLIST_FILE = "Time Tracker WatchKit Extension/Info.plist";
				LD_RUNPATH_SEARCH_PATHS = (
					"$(inherited)",
					"@executable_path/Frameworks",
					"@executable_path/../../Frameworks",
				);
				PRODUCT_BUNDLE_IDENTIFIER = "com.ananeto.Time-Tracker.watchkitapp.watchkitextension";
				PRODUCT_NAME = "${TARGET_NAME}";
				SDKROOT = watchos;
				SKIP_INSTALL = YES;
				SWIFT_VERSION = 4.0;
				TARGETED_DEVICE_FAMILY = 4;
				WATCHOS_DEPLOYMENT_TARGET = 4.3;
			};
			name = Debug;
		};
		C20F1C0D20BF242800B2E91A /* Release */ = {
			isa = XCBuildConfiguration;
			buildSettings = {
				ASSETCATALOG_COMPILER_COMPLICATION_NAME = Complication;
				CODE_SIGN_STYLE = Automatic;
				DEVELOPMENT_TEAM = X82N4CHKBS;
				INFOPLIST_FILE = "Time Tracker WatchKit Extension/Info.plist";
				LD_RUNPATH_SEARCH_PATHS = (
					"$(inherited)",
					"@executable_path/Frameworks",
					"@executable_path/../../Frameworks",
				);
				PRODUCT_BUNDLE_IDENTIFIER = "com.ananeto.Time-Tracker.watchkitapp.watchkitextension";
				PRODUCT_NAME = "${TARGET_NAME}";
				SDKROOT = watchos;
				SKIP_INSTALL = YES;
				SWIFT_VERSION = 4.0;
				TARGETED_DEVICE_FAMILY = 4;
				WATCHOS_DEPLOYMENT_TARGET = 4.3;
			};
			name = Release;
		};
		C20F1C1020BF242800B2E91A /* Debug */ = {
			isa = XCBuildConfiguration;
			buildSettings = {
				ALWAYS_EMBED_SWIFT_STANDARD_LIBRARIES = YES;
				ASSETCATALOG_COMPILER_APPICON_NAME = AppIcon;
				CODE_SIGN_STYLE = Automatic;
				DEVELOPMENT_TEAM = X82N4CHKBS;
				IBSC_MODULE = Time_Tracker_WatchKit_Extension;
				INFOPLIST_FILE = "Time Tracker WatchKit App/Info.plist";
				PRODUCT_BUNDLE_IDENTIFIER = "com.ananeto.Time-Tracker.watchkitapp";
				PRODUCT_NAME = "$(TARGET_NAME)";
				SDKROOT = watchos;
				SKIP_INSTALL = YES;
				SWIFT_VERSION = 4.0;
				TARGETED_DEVICE_FAMILY = 4;
				WATCHOS_DEPLOYMENT_TARGET = 4.3;
			};
			name = Debug;
		};
		C20F1C1120BF242800B2E91A /* Release */ = {
			isa = XCBuildConfiguration;
			buildSettings = {
				ALWAYS_EMBED_SWIFT_STANDARD_LIBRARIES = YES;
				ASSETCATALOG_COMPILER_APPICON_NAME = AppIcon;
				CODE_SIGN_STYLE = Automatic;
				DEVELOPMENT_TEAM = X82N4CHKBS;
				IBSC_MODULE = Time_Tracker_WatchKit_Extension;
				INFOPLIST_FILE = "Time Tracker WatchKit App/Info.plist";
				PRODUCT_BUNDLE_IDENTIFIER = "com.ananeto.Time-Tracker.watchkitapp";
				PRODUCT_NAME = "$(TARGET_NAME)";
				SDKROOT = watchos;
				SKIP_INSTALL = YES;
				SWIFT_VERSION = 4.0;
				TARGETED_DEVICE_FAMILY = 4;
				WATCHOS_DEPLOYMENT_TARGET = 4.3;
			};
			name = Release;
		};
		C20F1C1420BF242800B2E91A /* Debug */ = {
			isa = XCBuildConfiguration;
			buildSettings = {
				ASSETCATALOG_COMPILER_APPICON_NAME = AppIcon;
				CODE_SIGN_STYLE = Automatic;
				DEVELOPMENT_TEAM = X82N4CHKBS;
				INFOPLIST_FILE = "Time Tracker/Info.plist";
				LD_RUNPATH_SEARCH_PATHS = (
					"$(inherited)",
					"@executable_path/Frameworks",
				);
				PRODUCT_BUNDLE_IDENTIFIER = "com.ananeto.Time-Tracker";
				PRODUCT_NAME = "$(TARGET_NAME)";
				SWIFT_VERSION = 4.0;
				TARGETED_DEVICE_FAMILY = "1,2";
			};
			name = Debug;
		};
		C20F1C1520BF242800B2E91A /* Release */ = {
			isa = XCBuildConfiguration;
			buildSettings = {
				ASSETCATALOG_COMPILER_APPICON_NAME = AppIcon;
				CODE_SIGN_STYLE = Automatic;
				DEVELOPMENT_TEAM = X82N4CHKBS;
				INFOPLIST_FILE = "Time Tracker/Info.plist";
				LD_RUNPATH_SEARCH_PATHS = (
					"$(inherited)",
					"@executable_path/Frameworks",
				);
				PRODUCT_BUNDLE_IDENTIFIER = "com.ananeto.Time-Tracker";
				PRODUCT_NAME = "$(TARGET_NAME)";
				SWIFT_VERSION = 4.0;
				TARGETED_DEVICE_FAMILY = "1,2";
			};
			name = Release;
		};
/* End XCBuildConfiguration section */

/* Begin XCConfigurationList section */
		C20F1BD720BF242200B2E91A /* Build configuration list for PBXProject "Time Tracker" */ = {
			isa = XCConfigurationList;
			buildConfigurations = (
				C20F1C0920BF242800B2E91A /* Debug */,
				C20F1C0A20BF242800B2E91A /* Release */,
			);
			defaultConfigurationIsVisible = 0;
			defaultConfigurationName = Release;
		};
		C20F1C0B20BF242800B2E91A /* Build configuration list for PBXNativeTarget "Time Tracker WatchKit Extension" */ = {
			isa = XCConfigurationList;
			buildConfigurations = (
				C20F1C0C20BF242800B2E91A /* Debug */,
				C20F1C0D20BF242800B2E91A /* Release */,
			);
			defaultConfigurationIsVisible = 0;
			defaultConfigurationName = Release;
		};
		C20F1C0F20BF242800B2E91A /* Build configuration list for PBXNativeTarget "Time Tracker WatchKit App" */ = {
			isa = XCConfigurationList;
			buildConfigurations = (
				C20F1C1020BF242800B2E91A /* Debug */,
				C20F1C1120BF242800B2E91A /* Release */,
			);
			defaultConfigurationIsVisible = 0;
			defaultConfigurationName = Release;
		};
		C20F1C1320BF242800B2E91A /* Build configuration list for PBXNativeTarget "Time Tracker" */ = {
			isa = XCConfigurationList;
			buildConfigurations = (
				C20F1C1420BF242800B2E91A /* Debug */,
				C20F1C1520BF242800B2E91A /* Release */,
			);
			defaultConfigurationIsVisible = 0;
			defaultConfigurationName = Release;
		};
/* End XCConfigurationList section */
	};
	rootObject = C20F1BD420BF242200B2E91A /* Project object */;
}
